
Microsoft Visual Studio Solution File, Format Version 12.00
# Visual Studio Version 16
VisualStudioVersion = 16.0.28516.95
MinimumVisualStudioVersion = 10.0.40219.1
Project("{FAE04EC0-301F-11D3-BF4B-00C04F79EFBC}") = "WpfApp1", "WpfApp1\WpfApp1.csproj", "{781E3F5C-6303-4968-972B-9EE8DD21056B}"
EndProject
Global
	GlobalSection(SolutionConfigurationPlatforms) = preSolution
		Debug|Any CPU = Debug|Any CPU
		Release|Any CPU = Release|Any CPU
	EndGlobalSection
	GlobalSection(ProjectConfigurationPlatforms) = postSolution
		{781E3F5C-6303-4968-972B-9EE8DD21056B}.Debug|Any CPU.ActiveCfg = Debug|Any CPU
		{781E3F5C-6303-4968-972B-9EE8DD21056B}.Debug|Any CPU.Build.0 = Debug|Any CPU
		{781E3F5C-6303-4968-972B-9EE8DD21056B}.Release|Any CPU.ActiveCfg = Release|Any CPU
		{781E3F5C-6303-4968-972B-9EE8DD21056B}.Release|Any CPU.Build.0 = Release|Any CPU
	EndGlobalSection
	GlobalSection(SolutionProperties) = preSolution
		HideSolutionNode = FALSE
	EndGlobalSection
	GlobalSection(ExtensibilityGlobals) = postSolution
		SolutionGuid = {773B466F-C70D-45E1-8EE4-CA2D1FBA9F72}
	EndGlobalSection
EndGlobal
